
Microsoft Visual Studio Solution File, Format Version 12.00
# Visual Studio Version 17
VisualStudioVersion = 17.10.35122.118
MinimumVisualStudioVersion = 10.0.40219.1
Project("{8BC9CEB8-8B4A-11D0-8D11-00A0C91BC942}") = "Lexer", "Lexer\Lexer.vcxproj", "{BB74CA05-8BC6-4AFB-9F9C-4AEA95F7FD54}"
	ProjectSection(ProjectDependencies) = postProject
		{B7F947E2-3579-4E27-AA1E-69C1DA7F7DA4} = {B7F947E2-3579-4E27-AA1E-69C1DA7F7DA4}
	EndProjectSection
EndProject
Project("{8BC9CEB8-8B4A-11D0-8D11-00A0C91BC942}") = "Parser", "Parser\Parser.vcxproj", "{4DFDBFE3-A334-4D75-ACF6-287A1853E659}"
	ProjectSection(ProjectDependencies) = postProject
		{B7F947E2-3579-4E27-AA1E-69C1DA7F7DA4} = {B7F947E2-3579-4E27-AA1E-69C1DA7F7DA4}
	EndProjectSection
EndProject
Project("{8BC9CEB8-8B4A-11D0-8D11-00A0C91BC942}") = "Translator", "Translator\Translator.vcxproj", "{F1AE43EF-5B36-4C98-B620-D2D5E8CDD620}"
	ProjectSection(ProjectDependencies) = postProject
		{B7F947E2-3579-4E27-AA1E-69C1DA7F7DA4} = {B7F947E2-3579-4E27-AA1E-69C1DA7F7DA4}
	EndProjectSection
EndProject
Project("{9A19103F-16F7-4668-BE54-9A1E7A4F7556}") = "Compiler", "Compiler\Compiler.csproj", "{7412C772-CBAE-4400-BFF9-F8CBE3D52E67}"
	ProjectSection(ProjectDependencies) = postProject
		{3866FCBA-B357-4954-9322-3D64C5F074C2} = {3866FCBA-B357-4954-9322-3D64C5F074C2}
	EndProjectSection
EndProject
Project("{8BC9CEB8-8B4A-11D0-8D11-00A0C91BC942}") = "Common", "Common\Common.vcxproj", "{B7F947E2-3579-4E27-AA1E-69C1DA7F7DA4}"
EndProject
Project("{8BC9CEB8-8B4A-11D0-8D11-00A0C91BC942}") = "API", "API\API.vcxproj", "{3866FCBA-B357-4954-9322-3D64C5F074C2}"
	ProjectSection(ProjectDependencies) = postProject
		{4DFDBFE3-A334-4D75-ACF6-287A1853E659} = {4DFDBFE3-A334-4D75-ACF6-287A1853E659}
		{BB74CA05-8BC6-4AFB-9F9C-4AEA95F7FD54} = {BB74CA05-8BC6-4AFB-9F9C-4AEA95F7FD54}
		{F1AE43EF-5B36-4C98-B620-D2D5E8CDD620} = {F1AE43EF-5B36-4C98-B620-D2D5E8CDD620}
	EndProjectSection
EndProject
Global
	GlobalSection(SolutionConfigurationPlatforms) = preSolution
		Debug|Any CPU = Debug|Any CPU
		Debug|x64 = Debug|x64
		Debug|x86 = Debug|x86
		Release|Any CPU = Release|Any CPU
		Release|x64 = Release|x64
		Release|x86 = Release|x86
	EndGlobalSection
	GlobalSection(ProjectConfigurationPlatforms) = postSolution
		{BB74CA05-8BC6-4AFB-9F9C-4AEA95F7FD54}.Debug|Any CPU.ActiveCfg = Debug|x64
		{BB74CA05-8BC6-4AFB-9F9C-4AEA95F7FD54}.Debug|Any CPU.Build.0 = Debug|x64
		{BB74CA05-8BC6-4AFB-9F9C-4AEA95F7FD54}.Debug|x64.ActiveCfg = Debug|x64
		{BB74CA05-8BC6-4AFB-9F9C-4AEA95F7FD54}.Debug|x64.Build.0 = Debug|x64
		{BB74CA05-8BC6-4AFB-9F9C-4AEA95F7FD54}.Debug|x86.ActiveCfg = Debug|Win32
		{BB74CA05-8BC6-4AFB-9F9C-4AEA95F7FD54}.Debug|x86.Build.0 = Debug|Win32
		{BB74CA05-8BC6-4AFB-9F9C-4AEA95F7FD54}.Release|Any CPU.ActiveCfg = Release|x64
		{BB74CA05-8BC6-4AFB-9F9C-4AEA95F7FD54}.Release|Any CPU.Build.0 = Release|x64
		{BB74CA05-8BC6-4AFB-9F9C-4AEA95F7FD54}.Release|x64.ActiveCfg = Release|x64
		{BB74CA05-8BC6-4AFB-9F9C-4AEA95F7FD54}.Release|x64.Build.0 = Release|x64
		{BB74CA05-8BC6-4AFB-9F9C-4AEA95F7FD54}.Release|x86.ActiveCfg = Release|Win32
		{BB74CA05-8BC6-4AFB-9F9C-4AEA95F7FD54}.Release|x86.Build.0 = Release|Win32
		{4DFDBFE3-A334-4D75-ACF6-287A1853E659}.Debug|Any CPU.ActiveCfg = Debug|x64
		{4DFDBFE3-A334-4D75-ACF6-287A1853E659}.Debug|Any CPU.Build.0 = Debug|x64
		{4DFDBFE3-A334-4D75-ACF6-287A1853E659}.Debug|x64.ActiveCfg = Debug|x64
		{4DFDBFE3-A334-4D75-ACF6-287A1853E659}.Debug|x64.Build.0 = Debug|x64
		{4DFDBFE3-A334-4D75-ACF6-287A1853E659}.Debug|x86.ActiveCfg = Debug|Win32
		{4DFDBFE3-A334-4D75-ACF6-287A1853E659}.Debug|x86.Build.0 = Debug|Win32
		{4DFDBFE3-A334-4D75-ACF6-287A1853E659}.Release|Any CPU.ActiveCfg = Release|x64
		{4DFDBFE3-A334-4D75-ACF6-287A1853E659}.Release|Any CPU.Build.0 = Release|x64
		{4DFDBFE3-A334-4D75-ACF6-287A1853E659}.Release|x64.ActiveCfg = Release|x64
		{4DFDBFE3-A334-4D75-ACF6-287A1853E659}.Release|x64.Build.0 = Release|x64
		{4DFDBFE3-A334-4D75-ACF6-287A1853E659}.Release|x86.ActiveCfg = Release|Win32
		{4DFDBFE3-A334-4D75-ACF6-287A1853E659}.Release|x86.Build.0 = Release|Win32
		{F1AE43EF-5B36-4C98-B620-D2D5E8CDD620}.Debug|Any CPU.ActiveCfg = Debug|x64
		{F1AE43EF-5B36-4C98-B620-D2D5E8CDD620}.Debug|Any CPU.Build.0 = Debug|x64
		{F1AE43EF-5B36-4C98-B620-D2D5E8CDD620}.Debug|x64.ActiveCfg = Debug|x64
		{F1AE43EF-5B36-4C98-B620-D2D5E8CDD620}.Debug|x64.Build.0 = Debug|x64
		{F1AE43EF-5B36-4C98-B620-D2D5E8CDD620}.Debug|x86.ActiveCfg = Debug|Win32
		{F1AE43EF-5B36-4C98-B620-D2D5E8CDD620}.Debug|x86.Build.0 = Debug|Win32
		{F1AE43EF-5B36-4C98-B620-D2D5E8CDD620}.Release|Any CPU.ActiveCfg = Release|x64
		{F1AE43EF-5B36-4C98-B620-D2D5E8CDD620}.Release|Any CPU.Build.0 = Release|x64
		{F1AE43EF-5B36-4C98-B620-D2D5E8CDD620}.Release|x64.ActiveCfg = Release|x64
		{F1AE43EF-5B36-4C98-B620-D2D5E8CDD620}.Release|x64.Build.0 = Release|x64
		{F1AE43EF-5B36-4C98-B620-D2D5E8CDD620}.Release|x86.ActiveCfg = Release|Win32
		{F1AE43EF-5B36-4C98-B620-D2D5E8CDD620}.Release|x86.Build.0 = Release|Win32
		{7412C772-CBAE-4400-BFF9-F8CBE3D52E67}.Debug|Any CPU.ActiveCfg = Debug|Any CPU
		{7412C772-CBAE-4400-BFF9-F8CBE3D52E67}.Debug|Any CPU.Build.0 = Debug|Any CPU
		{7412C772-CBAE-4400-BFF9-F8CBE3D52E67}.Debug|x64.ActiveCfg = Debug|Any CPU
		{7412C772-CBAE-4400-BFF9-F8CBE3D52E67}.Debug|x64.Build.0 = Debug|Any CPU
		{7412C772-CBAE-4400-BFF9-F8CBE3D52E67}.Debug|x86.ActiveCfg = Debug|Any CPU
		{7412C772-CBAE-4400-BFF9-F8CBE3D52E67}.Debug|x86.Build.0 = Debug|Any CPU
		{7412C772-CBAE-4400-BFF9-F8CBE3D52E67}.Release|Any CPU.ActiveCfg = Release|Any CPU
		{7412C772-CBAE-4400-BFF9-F8CBE3D52E67}.Release|Any CPU.Build.0 = Release|Any CPU
		{7412C772-CBAE-4400-BFF9-F8CBE3D52E67}.Release|x64.ActiveCfg = Release|Any CPU
		{7412C772-CBAE-4400-BFF9-F8CBE3D52E67}.Release|x64.Build.0 = Release|Any CPU
		{7412C772-CBAE-4400-BFF9-F8CBE3D52E67}.Release|x86.ActiveCfg = Release|Any CPU
		{7412C772-CBAE-4400-BFF9-F8CBE3D52E67}.Release|x86.Build.0 = Release|Any CPU
		{B7F947E2-3579-4E27-AA1E-69C1DA7F7DA4}.Debug|Any CPU.ActiveCfg = Debug|x64
		{B7F947E2-3579-4E27-AA1E-69C1DA7F7DA4}.Debug|Any CPU.Build.0 = Debug|x64
		{B7F947E2-3579-4E27-AA1E-69C1DA7F7DA4}.Debug|x64.ActiveCfg = Debug|x64
		{B7F947E2-3579-4E27-AA1E-69C1DA7F7DA4}.Debug|x64.Build.0 = Debug|x64
		{B7F947E2-3579-4E27-AA1E-69C1DA7F7DA4}.Debug|x86.ActiveCfg = Debug|Win32
		{B7F947E2-3579-4E27-AA1E-69C1DA7F7DA4}.Debug|x86.Build.0 = Debug|Win32
		{B7F947E2-3579-4E27-AA1E-69C1DA7F7DA4}.Release|Any CPU.ActiveCfg = Release|x64
		{B7F947E2-3579-4E27-AA1E-69C1DA7F7DA4}.Release|Any CPU.Build.0 = Release|x64
		{B7F947E2-3579-4E27-AA1E-69C1DA7F7DA4}.Release|x64.ActiveCfg = Release|x64
		{B7F947E2-3579-4E27-AA1E-69C1DA7F7DA4}.Release|x64.Build.0 = Release|x64
		{B7F947E2-3579-4E27-AA1E-69C1DA7F7DA4}.Release|x86.ActiveCfg = Release|Win32
		{B7F947E2-3579-4E27-AA1E-69C1DA7F7DA4}.Release|x86.Build.0 = Release|Win32
		{3866FCBA-B357-4954-9322-3D64C5F074C2}.Debug|Any CPU.ActiveCfg = Debug|x64
		{3866FCBA-B357-4954-9322-3D64C5F074C2}.Debug|Any CPU.Build.0 = Debug|x64
		{3866FCBA-B357-4954-9322-3D64C5F074C2}.Debug|x64.ActiveCfg = Debug|x64
		{3866FCBA-B357-4954-9322-3D64C5F074C2}.Debug|x64.Build.0 = Debug|x64
		{3866FCBA-B357-4954-9322-3D64C5F074C2}.Debug|x86.ActiveCfg = Debug|Win32
		{3866FCBA-B357-4954-9322-3D64C5F074C2}.Debug|x86.Build.0 = Debug|Win32
		{3866FCBA-B357-4954-9322-3D64C5F074C2}.Release|Any CPU.ActiveCfg = Release|x64
		{3866FCBA-B357-4954-9322-3D64C5F074C2}.Release|Any CPU.Build.0 = Release|x64
		{3866FCBA-B357-4954-9322-3D64C5F074C2}.Release|x64.ActiveCfg = Release|x64
		{3866FCBA-B357-4954-9322-3D64C5F074C2}.Release|x64.Build.0 = Release|x64
		{3866FCBA-B357-4954-9322-3D64C5F074C2}.Release|x86.ActiveCfg = Release|Win32
		{3866FCBA-B357-4954-9322-3D64C5F074C2}.Release|x86.Build.0 = Release|Win32
	EndGlobalSection
	GlobalSection(SolutionProperties) = preSolution
		HideSolutionNode = FALSE
	EndGlobalSection
	GlobalSection(ExtensibilityGlobals) = postSolution
		SolutionGuid = {2B4BAD9C-9D75-46DB-BED7-9D337B9D1622}
	EndGlobalSection
EndGlobal
