<?xml version="1.0" encoding="utf-8"?>
<Project ToolsVersion="4.0" xmlns="http://schemas.microsoft.com/developer/msbuild/2003">
  <ItemGroup>
    <Filter Include="Source Files">
      <UniqueIdentifier>{4FC737F1-C7A5-4376-A066-2A32D752A2FF}</UniqueIdentifier>
      <Extensions>cpp;c;cc;cxx;c++;cppm;ixx;def;odl;idl;hpj;bat;asm;asmx</Extensions>
    </Filter>
    <Filter Include="Header Files">
      <UniqueIdentifier>{93995380-89BD-4b04-88EB-625FBE52EBFB}</UniqueIdentifier>
      <Extensions>h;hh;hpp;hxx;h++;hm;inl;inc;ipp;xsd</Extensions>
    </Filter>
    <Filter Include="Source Files\lexer">
      <UniqueIdentifier>{84c92eab-2d47-4782-80eb-a21f96e76a38}</UniqueIdentifier>
    </Filter>
    <Filter Include="Source Files\parser">
      <UniqueIdentifier>{f5debfe3-d31f-475d-9791-85ce2934024e}</UniqueIdentifier>
    </Filter>
    <Filter Include="Header Files\assembler">
      <UniqueIdentifier>{819bd5d3-26c6-4247-95df-57f04a88f33f}</UniqueIdentifier>
    </Filter>
    <Filter Include="Header Files\lexer">
      <UniqueIdentifier>{7cb956cd-6b1e-4b47-96ba-9980299354ed}</UniqueIdentifier>
    </Filter>
    <Filter Include="Header Files\parser">
      <UniqueIdentifier>{34a03655-3dfc-4955-8ad0-b7fa29e2f658}</UniqueIdentifier>
    </Filter>
    <Filter Include="Header Files\debug">
      <UniqueIdentifier>{357b2402-b392-4cd2-bea9-1d70e66d67d0}</UniqueIdentifier>
    </Filter>
    <Filter Include="Source Files\assembler">
      <UniqueIdentifier>{f5396f81-302b-4f8d-bff8-c07f90cd22b7}</UniqueIdentifier>
    </Filter>
    <Filter Include="Header Files\lexer\modules">
      <UniqueIdentifier>{33f10bc6-b6f2-4b7a-b22b-5ab8d8c5a501}</UniqueIdentifier>
    </Filter>
    <Filter Include="Source Files\lexer\modules">
      <UniqueIdentifier>{70f0464d-f6d0-437f-9236-1a03b6c4f6ee}</UniqueIdentifier>
    </Filter>
  </ItemGroup>
  <ItemGroup>
    <ClCompile Include="src\lexer\lexer.cpp">
      <Filter>Source Files\lexer</Filter>
    </ClCompile>
    <ClCompile Include="src\parser\parser.cpp">
      <Filter>Source Files\parser</Filter>
    </ClCompile>
    <ClCompile Include="src\combine.cpp">
      <Filter>Source Files</Filter>
    </ClCompile>
    <ClCompile Include="src\assembler\assembler.cpp">
      <Filter>Source Files\assembler</Filter>
    </ClCompile>
    <ClCompile Include="src\assembler\lx-core.cpp">
      <Filter>Source Files\assembler</Filter>
    </ClCompile>
    <ClCompile Include="src\assembler\assemble-ast.cpp">
      <Filter>Source Files\assembler</Filter>
    </ClCompile>
    <ClCompile Include="src\lexer\modules\classLexer.cpp">
      <Filter>Source Files\lexer\modules</Filter>
    </ClCompile>
    <ClCompile Include="src\lexer\modules\enumLexer.cpp">
      <Filter>Source Files\lexer\modules</Filter>
    </ClCompile>
    <ClCompile Include="src\lexer\modules\functionLexer.cpp">
      <Filter>Source Files\lexer\modules</Filter>
    </ClCompile>
    <ClCompile Include="src\lexer\modules\macroLexer.cpp">
      <Filter>Source Files\lexer\modules</Filter>
    </ClCompile>
    <ClCompile Include="src\lexer\modules\shaderLexer.cpp">
      <Filter>Source Files\lexer\modules</Filter>
    </ClCompile>
    <ClCompile Include="src\lexer\identifier-tree.cpp">
      <Filter>Source Files\lexer</Filter>
    </ClCompile>
  </ItemGroup>
  <ItemGroup>
    <ClInclude Include="inc\assembler\assembler.h">
      <Filter>Header Files\assembler</Filter>
    </ClInclude>
    <ClInclude Include="inc\assembler\lx-core.h">
      <Filter>Header Files\assembler</Filter>
    </ClInclude>
    <ClInclude Include="inc\lexer\lexer.h">
      <Filter>Header Files\lexer</Filter>
    </ClInclude>
    <ClInclude Include="inc\lexer\token.h">
      <Filter>Header Files\lexer</Filter>
    </ClInclude>
    <ClInclude Include="inc\parser\ast.h">
      <Filter>Header Files\parser</Filter>
    </ClInclude>
    <ClInclude Include="inc\parser\parser.h">
      <Filter>Header Files\parser</Filter>
    </ClInclude>
    <ClInclude Include="inc\debug\DebugLog.h">
      <Filter>Header Files\debug</Filter>
    </ClInclude>
    <ClInclude Include="inc\assembler\assemble-ast.h">
      <Filter>Header Files\assembler</Filter>
    </ClInclude>
    <ClInclude Include="inc\error.h">
      <Filter>Header Files</Filter>
    </ClInclude>
    <ClInclude Include="inc\lexer\modules\modules.h">
      <Filter>Header Files\lexer\modules</Filter>
    </ClInclude>
    <ClInclude Include="inc\lexer\identifier-tree.h">
      <Filter>Header Files\lexer</Filter>
    </ClInclude>
  </ItemGroup>
</Project>